
Microsoft Visual Studio Solution File, Format Version 12.00
# Visual Studio Version 16
VisualStudioVersion = 16.6.30114.105
MinimumVisualStudioVersion = 10.0.40219.1
Project("{FAE04EC0-301F-11D3-BF4B-00C04F79EFBC}") = "Persistance", "Persistance\Persistance.csproj", "{A27C8CFF-E560-46D1-92E2-F1742B88A00E}"
EndProject
Project("{FAE04EC0-301F-11D3-BF4B-00C04F79EFBC}") = "DAL", "DAL\DAL.csproj", "{2ED0FCE6-2903-4B93-9E86-F0A14C7417DD}"
EndProject
Project("{FAE04EC0-301F-11D3-BF4B-00C04F79EFBC}") = "BL", "BL\BL.csproj", "{44284E46-AED7-40B1-9FB0-9997A7F94978}"
EndProject
Project("{FAE04EC0-301F-11D3-BF4B-00C04F79EFBC}") = "ConsolePL", "ConsolePL\ConsolePL.csproj", "{02C31A60-7674-497C-BD9D-90E644E6CFFA}"
EndProject
Global
	GlobalSection(SolutionConfigurationPlatforms) = preSolution
		Debug|Any CPU = Debug|Any CPU
		Debug|x64 = Debug|x64
		Debug|x86 = Debug|x86
		Release|Any CPU = Release|Any CPU
		Release|x64 = Release|x64
		Release|x86 = Release|x86
	EndGlobalSection
	GlobalSection(SolutionProperties) = preSolution
		HideSolutionNode = FALSE
	EndGlobalSection
	GlobalSection(ProjectConfigurationPlatforms) = postSolution
		{A27C8CFF-E560-46D1-92E2-F1742B88A00E}.Debug|Any CPU.ActiveCfg = Debug|Any CPU
		{A27C8CFF-E560-46D1-92E2-F1742B88A00E}.Debug|Any CPU.Build.0 = Debug|Any CPU
		{A27C8CFF-E560-46D1-92E2-F1742B88A00E}.Debug|x64.ActiveCfg = Debug|Any CPU
		{A27C8CFF-E560-46D1-92E2-F1742B88A00E}.Debug|x64.Build.0 = Debug|Any CPU
		{A27C8CFF-E560-46D1-92E2-F1742B88A00E}.Debug|x86.ActiveCfg = Debug|Any CPU
		{A27C8CFF-E560-46D1-92E2-F1742B88A00E}.Debug|x86.Build.0 = Debug|Any CPU
		{A27C8CFF-E560-46D1-92E2-F1742B88A00E}.Release|Any CPU.ActiveCfg = Release|Any CPU
		{A27C8CFF-E560-46D1-92E2-F1742B88A00E}.Release|Any CPU.Build.0 = Release|Any CPU
		{A27C8CFF-E560-46D1-92E2-F1742B88A00E}.Release|x64.ActiveCfg = Release|Any CPU
		{A27C8CFF-E560-46D1-92E2-F1742B88A00E}.Release|x64.Build.0 = Release|Any CPU
		{A27C8CFF-E560-46D1-92E2-F1742B88A00E}.Release|x86.ActiveCfg = Release|Any CPU
		{A27C8CFF-E560-46D1-92E2-F1742B88A00E}.Release|x86.Build.0 = Release|Any CPU
		{2ED0FCE6-2903-4B93-9E86-F0A14C7417DD}.Debug|Any CPU.ActiveCfg = Debug|Any CPU
		{2ED0FCE6-2903-4B93-9E86-F0A14C7417DD}.Debug|Any CPU.Build.0 = Debug|Any CPU
		{2ED0FCE6-2903-4B93-9E86-F0A14C7417DD}.Debug|x64.ActiveCfg = Debug|Any CPU
		{2ED0FCE6-2903-4B93-9E86-F0A14C7417DD}.Debug|x64.Build.0 = Debug|Any CPU
		{2ED0FCE6-2903-4B93-9E86-F0A14C7417DD}.Debug|x86.ActiveCfg = Debug|Any CPU
		{2ED0FCE6-2903-4B93-9E86-F0A14C7417DD}.Debug|x86.Build.0 = Debug|Any CPU
		{2ED0FCE6-2903-4B93-9E86-F0A14C7417DD}.Release|Any CPU.ActiveCfg = Release|Any CPU
		{2ED0FCE6-2903-4B93-9E86-F0A14C7417DD}.Release|Any CPU.Build.0 = Release|Any CPU
		{2ED0FCE6-2903-4B93-9E86-F0A14C7417DD}.Release|x64.ActiveCfg = Release|Any CPU
		{2ED0FCE6-2903-4B93-9E86-F0A14C7417DD}.Release|x64.Build.0 = Release|Any CPU
		{2ED0FCE6-2903-4B93-9E86-F0A14C7417DD}.Release|x86.ActiveCfg = Release|Any CPU
		{2ED0FCE6-2903-4B93-9E86-F0A14C7417DD}.Release|x86.Build.0 = Release|Any CPU
		{44284E46-AED7-40B1-9FB0-9997A7F94978}.Debug|Any CPU.ActiveCfg = Debug|Any CPU
		{44284E46-AED7-40B1-9FB0-9997A7F94978}.Debug|Any CPU.Build.0 = Debug|Any CPU
		{44284E46-AED7-40B1-9FB0-9997A7F94978}.Debug|x64.ActiveCfg = Debug|Any CPU
		{44284E46-AED7-40B1-9FB0-9997A7F94978}.Debug|x64.Build.0 = Debug|Any CPU
		{44284E46-AED7-40B1-9FB0-9997A7F94978}.Debug|x86.ActiveCfg = Debug|Any CPU
		{44284E46-AED7-40B1-9FB0-9997A7F94978}.Debug|x86.Build.0 = Debug|Any CPU
		{44284E46-AED7-40B1-9FB0-9997A7F94978}.Release|Any CPU.ActiveCfg = Release|Any CPU
		{44284E46-AED7-40B1-9FB0-9997A7F94978}.Release|Any CPU.Build.0 = Release|Any CPU
		{44284E46-AED7-40B1-9FB0-9997A7F94978}.Release|x64.ActiveCfg = Release|Any CPU
		{44284E46-AED7-40B1-9FB0-9997A7F94978}.Release|x64.Build.0 = Release|Any CPU
		{44284E46-AED7-40B1-9FB0-9997A7F94978}.Release|x86.ActiveCfg = Release|Any CPU
		{44284E46-AED7-40B1-9FB0-9997A7F94978}.Release|x86.Build.0 = Release|Any CPU
		{02C31A60-7674-497C-BD9D-90E644E6CFFA}.Debug|Any CPU.ActiveCfg = Debug|Any CPU
		{02C31A60-7674-497C-BD9D-90E644E6CFFA}.Debug|Any CPU.Build.0 = Debug|Any CPU
		{02C31A60-7674-497C-BD9D-90E644E6CFFA}.Debug|x64.ActiveCfg = Debug|Any CPU
		{02C31A60-7674-497C-BD9D-90E644E6CFFA}.Debug|x64.Build.0 = Debug|Any CPU
		{02C31A60-7674-497C-BD9D-90E644E6CFFA}.Debug|x86.ActiveCfg = Debug|Any CPU
		{02C31A60-7674-497C-BD9D-90E644E6CFFA}.Debug|x86.Build.0 = Debug|Any CPU
		{02C31A60-7674-497C-BD9D-90E644E6CFFA}.Release|Any CPU.ActiveCfg = Release|Any CPU
		{02C31A60-7674-497C-BD9D-90E644E6CFFA}.Release|Any CPU.Build.0 = Release|Any CPU
		{02C31A60-7674-497C-BD9D-90E644E6CFFA}.Release|x64.ActiveCfg = Release|Any CPU
		{02C31A60-7674-497C-BD9D-90E644E6CFFA}.Release|x64.Build.0 = Release|Any CPU
		{02C31A60-7674-497C-BD9D-90E644E6CFFA}.Release|x86.ActiveCfg = Release|Any CPU
		{02C31A60-7674-497C-BD9D-90E644E6CFFA}.Release|x86.Build.0 = Release|Any CPU
	EndGlobalSection
EndGlobal
